
Microsoft Visual Studio Solution File, Format Version 12.00
# Visual Studio Version 17
VisualStudioVersion = 17.1.32407.343
MinimumVisualStudioVersion = 10.0.40219.1
Project("{FAE04EC0-301F-11D3-BF4B-00C04F79EFBC}") = "WordToPdf", "WordToPdf.csproj", "{16E0041A-4E9C-47F1-BF8A-585FB911A6F6}"
EndProject
Global
	GlobalSection(SolutionConfigurationPlatforms) = preSolution
		Debug|Any CPU = Debug|Any CPU
		Debug|x64 = Debug|x64
		Release|Any CPU = Release|Any CPU
		Release|x64 = Release|x64
	EndGlobalSection
	GlobalSection(ProjectConfigurationPlatforms) = postSolution
		{16E0041A-4E9C-47F1-BF8A-585FB911A6F6}.Debug|Any CPU.ActiveCfg = Debug|Any CPU
		{16E0041A-4E9C-47F1-BF8A-585FB911A6F6}.Debug|Any CPU.Build.0 = Debug|Any CPU
		{16E0041A-4E9C-47F1-BF8A-585FB911A6F6}.Debug|x64.ActiveCfg = Debug|x64
		{16E0041A-4E9C-47F1-BF8A-585FB911A6F6}.Debug|x64.Build.0 = Debug|x64
		{16E0041A-4E9C-47F1-BF8A-585FB911A6F6}.Release|Any CPU.ActiveCfg = Release|Any CPU
		{16E0041A-4E9C-47F1-BF8A-585FB911A6F6}.Release|Any CPU.Build.0 = Release|Any CPU
		{16E0041A-4E9C-47F1-BF8A-585FB911A6F6}.Release|x64.ActiveCfg = Release|x64
		{16E0041A-4E9C-47F1-BF8A-585FB911A6F6}.Release|x64.Build.0 = Release|x64
	EndGlobalSection
	GlobalSection(SolutionProperties) = preSolution
		HideSolutionNode = FALSE
	EndGlobalSection
	GlobalSection(ExtensibilityGlobals) = postSolution
		SolutionGuid = {0507701E-019C-48E4-B725-456F021067EA}
	EndGlobalSection
EndGlobal
